
Microsoft Visual Studio Solution File, Format Version 12.00
# Visual Studio Version 16
VisualStudioVersion = 16.0.30907.101
MinimumVisualStudioVersion = 10.0.40219.1
Project("{FAE04EC0-301F-11D3-BF4B-00C04F79EFBC}") = "Valencia4Pics1Word", "Valencia4Pics1Word\Valencia4Pics1Word.csproj", "{6543129A-0732-4592-88DE-41A631A86584}"
EndProject
Global
	GlobalSection(SolutionConfigurationPlatforms) = preSolution
		Debug|Any CPU = Debug|Any CPU
		Release|Any CPU = Release|Any CPU
	EndGlobalSection
	GlobalSection(ProjectConfigurationPlatforms) = postSolution
		{6543129A-0732-4592-88DE-41A631A86584}.Debug|Any CPU.ActiveCfg = Debug|Any CPU
		{6543129A-0732-4592-88DE-41A631A86584}.Debug|Any CPU.Build.0 = Debug|Any CPU
		{6543129A-0732-4592-88DE-41A631A86584}.Release|Any CPU.ActiveCfg = Release|Any CPU
		{6543129A-0732-4592-88DE-41A631A86584}.Release|Any CPU.Build.0 = Release|Any CPU
	EndGlobalSection
	GlobalSection(SolutionProperties) = preSolution
		HideSolutionNode = FALSE
	EndGlobalSection
	GlobalSection(ExtensibilityGlobals) = postSolution
		SolutionGuid = {CD17565D-B383-4D8D-8F2D-0BB6B49A0E49}
	EndGlobalSection
EndGlobal
